
Microsoft Visual Studio Solution File, Format Version 12.00
# Visual Studio Version 17
VisualStudioVersion = 17.7.34024.191
MinimumVisualStudioVersion = 10.0.40219.1
Project("{FAE04EC0-301F-11D3-BF4B-00C04F79EFBC}") = "DnD", "DnD.csproj", "{11F52E76-6792-4EEE-8462-22B982CCA499}"
EndProject
Global
	GlobalSection(SolutionConfigurationPlatforms) = preSolution
		Debug|Any CPU = Debug|Any CPU
		Release|Any CPU = Release|Any CPU
	EndGlobalSection
	GlobalSection(ProjectConfigurationPlatforms) = postSolution
		{11F52E76-6792-4EEE-8462-22B982CCA499}.Debug|Any CPU.ActiveCfg = Debug|Any CPU
		{11F52E76-6792-4EEE-8462-22B982CCA499}.Debug|Any CPU.Build.0 = Debug|Any CPU
		{11F52E76-6792-4EEE-8462-22B982CCA499}.Release|Any CPU.ActiveCfg = Release|Any CPU
		{11F52E76-6792-4EEE-8462-22B982CCA499}.Release|Any CPU.Build.0 = Release|Any CPU
	EndGlobalSection
	GlobalSection(SolutionProperties) = preSolution
		HideSolutionNode = FALSE
	EndGlobalSection
	GlobalSection(ExtensibilityGlobals) = postSolution
		SolutionGuid = {E01B8AD9-5252-4C15-8340-977E81593DB9}
	EndGlobalSection
EndGlobal
